
Microsoft Visual Studio Solution File, Format Version 12.00
# Visual Studio Version 16
VisualStudioVersion = 16.0.30717.126
MinimumVisualStudioVersion = 10.0.40219.1
Project("{FAE04EC0-301F-11D3-BF4B-00C04F79EFBC}") = "GWC_rest", "GWC_rest\GWC_rest.csproj", "{090BD978-02E8-4B38-ACBF-AC476C763CC0}"
EndProject
Global
	GlobalSection(SolutionConfigurationPlatforms) = preSolution
		Debug|Any CPU = Debug|Any CPU
		Release|Any CPU = Release|Any CPU
	EndGlobalSection
	GlobalSection(ProjectConfigurationPlatforms) = postSolution
		{090BD978-02E8-4B38-ACBF-AC476C763CC0}.Debug|Any CPU.ActiveCfg = Debug|Any CPU
		{090BD978-02E8-4B38-ACBF-AC476C763CC0}.Debug|Any CPU.Build.0 = Debug|Any CPU
		{090BD978-02E8-4B38-ACBF-AC476C763CC0}.Release|Any CPU.ActiveCfg = Release|Any CPU
		{090BD978-02E8-4B38-ACBF-AC476C763CC0}.Release|Any CPU.Build.0 = Release|Any CPU
	EndGlobalSection
	GlobalSection(SolutionProperties) = preSolution
		HideSolutionNode = FALSE
	EndGlobalSection
	GlobalSection(ExtensibilityGlobals) = postSolution
		SolutionGuid = {9E0F4B15-D5C4-45FE-990E-94A9229FB3EC}
	EndGlobalSection
EndGlobal
